
Microsoft Visual Studio Solution File, Format Version 12.00
# Visual Studio Version 17
VisualStudioVersion = 17.10.34928.147
MinimumVisualStudioVersion = 10.0.40219.1
Project("{FAE04EC0-301F-11D3-BF4B-00C04F79EFBC}") = "challenges-and-data-structures", "challenges-and-data-structures\challenges-and-data-structures.csproj", "{78F34120-60B6-4570-BA2D-6B3B7BB5460C}"
EndProject
Global
	GlobalSection(SolutionConfigurationPlatforms) = preSolution
		Debug|Any CPU = Debug|Any CPU
		Release|Any CPU = Release|Any CPU
	EndGlobalSection
	GlobalSection(ProjectConfigurationPlatforms) = postSolution
		{78F34120-60B6-4570-BA2D-6B3B7BB5460C}.Debug|Any CPU.ActiveCfg = Debug|Any CPU
		{78F34120-60B6-4570-BA2D-6B3B7BB5460C}.Debug|Any CPU.Build.0 = Debug|Any CPU
		{78F34120-60B6-4570-BA2D-6B3B7BB5460C}.Release|Any CPU.ActiveCfg = Release|Any CPU
		{78F34120-60B6-4570-BA2D-6B3B7BB5460C}.Release|Any CPU.Build.0 = Release|Any CPU
	EndGlobalSection
	GlobalSection(SolutionProperties) = preSolution
		HideSolutionNode = FALSE
	EndGlobalSection
	GlobalSection(ExtensibilityGlobals) = postSolution
		SolutionGuid = {14718980-725C-4729-8F7F-CE885E00A42D}
	EndGlobalSection
EndGlobal
